
Microsoft Visual Studio Solution File, Format Version 12.00
# Visual Studio Version 17
VisualStudioVersion = 17.13.35931.197
MinimumVisualStudioVersion = 10.0.40219.1
Project("{FAE04EC0-301F-11D3-BF4B-00C04F79EFBC}") = "TradingBot.Constellations", "TradingBot.Constellations.csproj", "{1D94CF91-4FBC-4E00-99EA-C33D16F690B6}"
EndProject
Project("{FAE04EC0-301F-11D3-BF4B-00C04F79EFBC}") = "TradingBot.Services", "TradingBot.Services\TradingBot.Services.csproj", "{1406ABEC-500A-FF37-9C20-9ECE5331E64F}"
EndProject
Project("{FAE04EC0-301F-11D3-BF4B-00C04F79EFBC}") = "TradingBot.Data", "TradingBot.Data\TradingBot.Data.csproj", "{E58719D3-B906-22C0-30B2-BB43BD7C96DA}"
EndProject
Project("{FAE04EC0-301F-11D3-BF4B-00C04F79EFBC}") = "TradingBot.Settings", "TradingBot.Settings\TradingBot.Settings.csproj", "{70115BD2-F06E-848C-8F7B-5E163FECB285}"
EndProject
Project("{FAE04EC0-301F-11D3-BF4B-00C04F79EFBC}") = "TradingBot.Utilities", "TradingBot.Utilities\TradingBot.Utilities.csproj", "{1B4C4DBB-229C-05E4-1EE4-48D1C3E96AAB}"
EndProject
Global
	GlobalSection(SolutionConfigurationPlatforms) = preSolution
		Debug|Any CPU = Debug|Any CPU
		Release|Any CPU = Release|Any CPU
	EndGlobalSection
	GlobalSection(ProjectConfigurationPlatforms) = postSolution
		{1D94CF91-4FBC-4E00-99EA-C33D16F690B6}.Debug|Any CPU.ActiveCfg = Debug|Any CPU
		{1D94CF91-4FBC-4E00-99EA-C33D16F690B6}.Debug|Any CPU.Build.0 = Debug|Any CPU
		{1D94CF91-4FBC-4E00-99EA-C33D16F690B6}.Release|Any CPU.ActiveCfg = Release|Any CPU
		{1D94CF91-4FBC-4E00-99EA-C33D16F690B6}.Release|Any CPU.Build.0 = Release|Any CPU
		{1406ABEC-500A-FF37-9C20-9ECE5331E64F}.Debug|Any CPU.ActiveCfg = Debug|Any CPU
		{1406ABEC-500A-FF37-9C20-9ECE5331E64F}.Debug|Any CPU.Build.0 = Debug|Any CPU
		{1406ABEC-500A-FF37-9C20-9ECE5331E64F}.Release|Any CPU.ActiveCfg = Release|Any CPU
		{1406ABEC-500A-FF37-9C20-9ECE5331E64F}.Release|Any CPU.Build.0 = Release|Any CPU
		{E58719D3-B906-22C0-30B2-BB43BD7C96DA}.Debug|Any CPU.ActiveCfg = Debug|Any CPU
		{E58719D3-B906-22C0-30B2-BB43BD7C96DA}.Debug|Any CPU.Build.0 = Debug|Any CPU
		{E58719D3-B906-22C0-30B2-BB43BD7C96DA}.Release|Any CPU.ActiveCfg = Release|Any CPU
		{E58719D3-B906-22C0-30B2-BB43BD7C96DA}.Release|Any CPU.Build.0 = Release|Any CPU
		{70115BD2-F06E-848C-8F7B-5E163FECB285}.Debug|Any CPU.ActiveCfg = Debug|Any CPU
		{70115BD2-F06E-848C-8F7B-5E163FECB285}.Debug|Any CPU.Build.0 = Debug|Any CPU
		{70115BD2-F06E-848C-8F7B-5E163FECB285}.Release|Any CPU.ActiveCfg = Release|Any CPU
		{70115BD2-F06E-848C-8F7B-5E163FECB285}.Release|Any CPU.Build.0 = Release|Any CPU
		{1B4C4DBB-229C-05E4-1EE4-48D1C3E96AAB}.Debug|Any CPU.ActiveCfg = Debug|Any CPU
		{1B4C4DBB-229C-05E4-1EE4-48D1C3E96AAB}.Debug|Any CPU.Build.0 = Debug|Any CPU
		{1B4C4DBB-229C-05E4-1EE4-48D1C3E96AAB}.Release|Any CPU.ActiveCfg = Release|Any CPU
		{1B4C4DBB-229C-05E4-1EE4-48D1C3E96AAB}.Release|Any CPU.Build.0 = Release|Any CPU
	EndGlobalSection
	GlobalSection(SolutionProperties) = preSolution
		HideSolutionNode = FALSE
	EndGlobalSection
	GlobalSection(ExtensibilityGlobals) = postSolution
		SolutionGuid = {99C1AC46-D6DD-40EA-9298-A988B524C019}
	EndGlobalSection
EndGlobal
